
Microsoft Visual Studio Solution File, Format Version 12.00
# Visual Studio 15
VisualStudioVersion = 15.0.27703.2035
MinimumVisualStudioVersion = 10.0.40219.1
Project("{8BC9CEB8-8B4A-11D0-8D11-00A0C91BC942}") = "Vector_3", "Vector_3.vcxproj", "{AF2E5CC9-65D7-4AC6-BC18-FFA13ED61434}"
EndProject
Global
	GlobalSection(SolutionConfigurationPlatforms) = preSolution
		Debug|x64 = Debug|x64
		Debug|x86 = Debug|x86
		Release|x64 = Release|x64
		Release|x86 = Release|x86
	EndGlobalSection
	GlobalSection(ProjectConfigurationPlatforms) = postSolution
		{AF2E5CC9-65D7-4AC6-BC18-FFA13ED61434}.Debug|x64.ActiveCfg = Debug|x64
		{AF2E5CC9-65D7-4AC6-BC18-FFA13ED61434}.Debug|x64.Build.0 = Debug|x64
		{AF2E5CC9-65D7-4AC6-BC18-FFA13ED61434}.Debug|x86.ActiveCfg = Debug|Win32
		{AF2E5CC9-65D7-4AC6-BC18-FFA13ED61434}.Debug|x86.Build.0 = Debug|Win32
		{AF2E5CC9-65D7-4AC6-BC18-FFA13ED61434}.Release|x64.ActiveCfg = Release|x64
		{AF2E5CC9-65D7-4AC6-BC18-FFA13ED61434}.Release|x64.Build.0 = Release|x64
		{AF2E5CC9-65D7-4AC6-BC18-FFA13ED61434}.Release|x86.ActiveCfg = Release|Win32
		{AF2E5CC9-65D7-4AC6-BC18-FFA13ED61434}.Release|x86.Build.0 = Release|Win32
	EndGlobalSection
	GlobalSection(SolutionProperties) = preSolution
		HideSolutionNode = FALSE
	EndGlobalSection
	GlobalSection(ExtensibilityGlobals) = postSolution
		SolutionGuid = {18B5C128-2E98-4A12-8C9E-EEA0E0ACBE81}
	EndGlobalSection
EndGlobal
